dependencies:
  espressif/cjson:
    component_hash: e788323270d90738662d66fffa910bfe1fba019bba087f01557e70c40485b469
    dependencies:
    - name: idf
      require: private
      version: '>=5.0'
    source:
      registry_url: https://components.espressif.com/
      type: service
    version: 1.7.19~2
  espressif/led_strip:
    component_hash: b578eb926d9f6402fd45398b53c9bd5d1b7a15c1b2974d25aa3088e6c79b0b4c
    dependencies:
    - name: idf
      require: private
      version: '>=5.0'
    source:
      registry_url: https://components.espressif.com/
      type: service
    version: 3.0.1
  idf:
    source:
      type: idf
    version: 6.1.0
direct_dependencies:
- espressif/cjson
- espressif/led_strip
- idf
manifest_hash: 104fbf890fcb751dff099c8765a6d2aa180319898b4cce0d1b48168f6d7eea72
target: esp32s3
version: 3.0.0
